
Microsoft Visual Studio Solution File, Format Version 12.00
# Visual Studio 15
VisualStudioVersion = 15.0.27703.2018
MinimumVisualStudioVersion = 10.0.40219.1
Project("{FAE04EC0-301F-11D3-BF4B-00C04F79EFBC}") = "webapp", "webapp\webapp.csproj", "{AC36D91B-0D06-40BC-B7AF-3382C5E1938C}"
EndProject
Global
	GlobalSection(SolutionConfigurationPlatforms) = preSolution
		Debug|Any CPU = Debug|Any CPU
		Release|Any CPU = Release|Any CPU
	EndGlobalSection
	GlobalSection(ProjectConfigurationPlatforms) = postSolution
		{AC36D91B-0D06-40BC-B7AF-3382C5E1938C}.Debug|Any CPU.ActiveCfg = Debug|Any CPU
		{AC36D91B-0D06-40BC-B7AF-3382C5E1938C}.Debug|Any CPU.Build.0 = Debug|Any CPU
		{AC36D91B-0D06-40BC-B7AF-3382C5E1938C}.Release|Any CPU.ActiveCfg = Release|Any CPU
		{AC36D91B-0D06-40BC-B7AF-3382C5E1938C}.Release|Any CPU.Build.0 = Release|Any CPU
	EndGlobalSection
	GlobalSection(SolutionProperties) = preSolution
		HideSolutionNode = FALSE
	EndGlobalSection
	GlobalSection(ExtensibilityGlobals) = postSolution
		SolutionGuid = {11574E66-EF2C-4FCE-BCDF-8DE7D7E7B263}
	EndGlobalSection
EndGlobal
